
Microsoft Visual Studio Solution File, Format Version 12.00
# Visual Studio Version 17
VisualStudioVersion = 17.6.33829.357
MinimumVisualStudioVersion = 10.0.40219.1
Project("{8BC9CEB8-8B4A-11D0-8D11-00A0C91BC942}") = "001_bmiC", "001_bmiC\001_bmiC.vcxproj", "{721C3340-72C8-43CB-9AB1-5500D5891D2C}"
EndProject
Project("{8BC9CEB8-8B4A-11D0-8D11-00A0C91BC942}") = "002_bmiCPP", "002_bmiCPP\002_bmiCPP.vcxproj", "{A7290338-D138-42D3-97B4-A03E4885B4FB}"
EndProject
Project("{9A19103F-16F7-4668-BE54-9A1E7A4F7556}") = "003_bmiCS", "003_bmiCS\003_bmiCS.csproj", "{499E5DD2-4D27-4E75-8D43-CF11AC0C95F1}"
EndProject
Project("{FAE04EC0-301F-11D3-BF4B-00C04F79EFBC}") = "004_ bmiForms", "004_ bmiForms\004_ bmiForms.csproj", "{668AEF61-050A-489C-8738-86329E5FF8B3}"
EndProject
Project("{FAE04EC0-301F-11D3-BF4B-00C04F79EFBC}") = "005_logIn", "005_logIn\005_logIn.csproj", "{8F7BDF6E-58E7-4675-982B-01F84FAF3B3D}"
EndProject
Project("{FAE04EC0-301F-11D3-BF4B-00C04F79EFBC}") = "006_BasicControls", "006_BasicControls\006_BasicControls.csproj", "{45C86DA7-06D0-4CBF-84E3-2128CA02F61E}"
EndProject
Project("{FAE04EC0-301F-11D3-BF4B-00C04F79EFBC}") = "007_MessageBoxes", "007_MessageBoxes\007_MessageBoxes.csproj", "{726ED30A-AB26-4FB4-A737-7E3041CEA8BC}"
EndProject
Project("{FAE04EC0-301F-11D3-BF4B-00C04F79EFBC}") = "008_Lables", "008_Lables\008_Lables.csproj", "{2A1C2609-1E72-4396-B6BA-452BA03F5613}"
EndProject
Project("{FAE04EC0-301F-11D3-BF4B-00C04F79EFBC}") = "009_CheckBox", "009_CheckBox\009_CheckBox.csproj", "{2CF95A8D-67AC-4403-8176-EEE0701A12A1}"
EndProject
Project("{FAE04EC0-301F-11D3-BF4B-00C04F79EFBC}") = "010_RadioButton", "010_RadioButton\010_RadioButton.csproj", "{4D50FF14-9C70-4C63-8DC2-838200E65610}"
EndProject
Project("{FAE04EC0-301F-11D3-BF4B-00C04F79EFBC}") = "011_scoreCalc", "011_scoreCalc\011_scoreCalc.csproj", "{A144937D-E033-4AEF-85D4-3BFF2CD132A4}"
EndProject
Project("{FAE04EC0-301F-11D3-BF4B-00C04F79EFBC}") = "012_combo", "012_combo\012_combo.csproj", "{F0C963D6-3AE8-42C8-B9BB-34E2661496FE}"
EndProject
Project("{9A19103F-16F7-4668-BE54-9A1E7A4F7556}") = "013_array", "013_array\013_array.csproj", "{9C136859-E5A1-40B2-A39D-4116EEB33670}"
EndProject
Project("{9A19103F-16F7-4668-BE54-9A1E7A4F7556}") = "014_loop", "014_loop\014_loop.csproj", "{008677AA-4F56-4B88-AB56-593500F36F8E}"
EndProject
Project("{9A19103F-16F7-4668-BE54-9A1E7A4F7556}") = "014_loop2", "014_loop2\014_loop2.csproj", "{2BF9584C-B466-4F11-BBE8-C74ACFD46D27}"
EndProject
Project("{9A19103F-16F7-4668-BE54-9A1E7A4F7556}") = "015_random", "015_random\015_random.csproj", "{1D95B779-1A9E-4347-91AA-036857672055}"
EndProject
Project("{9A19103F-16F7-4668-BE54-9A1E7A4F7556}") = "015_Random2", "015_Random2\015_Random2.csproj", "{D2BA23B8-C190-461F-84FA-9EE0FBBFD2E3}"
EndProject
Project("{FAE04EC0-301F-11D3-BF4B-00C04F79EFBC}") = "susi1", "susi1\susi1.csproj", "{8529B066-3BFF-4774-89DF-C1FB26573F10}"
EndProject
Project("{FAE04EC0-301F-11D3-BF4B-00C04F79EFBC}") = "017_Chart", "017_Chart\017_Chart.csproj", "{A0F70824-97EA-45E9-8DEA-C90F161BA8AD}"
EndProject
Global
	GlobalSection(SolutionConfigurationPlatforms) = preSolution
		Debug|Any CPU = Debug|Any CPU
		Debug|x64 = Debug|x64
		Debug|x86 = Debug|x86
		Release|Any CPU = Release|Any CPU
		Release|x64 = Release|x64
		Release|x86 = Release|x86
	EndGlobalSection
	GlobalSection(ProjectConfigurationPlatforms) = postSolution
		{721C3340-72C8-43CB-9AB1-5500D5891D2C}.Debug|Any CPU.ActiveCfg = Debug|x64
		{721C3340-72C8-43CB-9AB1-5500D5891D2C}.Debug|Any CPU.Build.0 = Debug|x64
		{721C3340-72C8-43CB-9AB1-5500D5891D2C}.Debug|x64.ActiveCfg = Debug|x64
		{721C3340-72C8-43CB-9AB1-5500D5891D2C}.Debug|x64.Build.0 = Debug|x64
		{721C3340-72C8-43CB-9AB1-5500D5891D2C}.Debug|x86.ActiveCfg = Debug|Win32
		{721C3340-72C8-43CB-9AB1-5500D5891D2C}.Debug|x86.Build.0 = Debug|Win32
		{721C3340-72C8-43CB-9AB1-5500D5891D2C}.Release|Any CPU.ActiveCfg = Release|x64
		{721C3340-72C8-43CB-9AB1-5500D5891D2C}.Release|Any CPU.Build.0 = Release|x64
		{721C3340-72C8-43CB-9AB1-5500D5891D2C}.Release|x64.ActiveCfg = Release|x64
		{721C3340-72C8-43CB-9AB1-5500D5891D2C}.Release|x64.Build.0 = Release|x64
		{721C3340-72C8-43CB-9AB1-5500D5891D2C}.Release|x86.ActiveCfg = Release|Win32
		{721C3340-72C8-43CB-9AB1-5500D5891D2C}.Release|x86.Build.0 = Release|Win32
		{A7290338-D138-42D3-97B4-A03E4885B4FB}.Debug|Any CPU.ActiveCfg = Debug|x64
		{A7290338-D138-42D3-97B4-A03E4885B4FB}.Debug|Any CPU.Build.0 = Debug|x64
		{A7290338-D138-42D3-97B4-A03E4885B4FB}.Debug|x64.ActiveCfg = Debug|x64
		{A7290338-D138-42D3-97B4-A03E4885B4FB}.Debug|x64.Build.0 = Debug|x64
		{A7290338-D138-42D3-97B4-A03E4885B4FB}.Debug|x86.ActiveCfg = Debug|Win32
		{A7290338-D138-42D3-97B4-A03E4885B4FB}.Debug|x86.Build.0 = Debug|Win32
		{A7290338-D138-42D3-97B4-A03E4885B4FB}.Release|Any CPU.ActiveCfg = Release|x64
		{A7290338-D138-42D3-97B4-A03E4885B4FB}.Release|Any CPU.Build.0 = Release|x64
		{A7290338-D138-42D3-97B4-A03E4885B4FB}.Release|x64.ActiveCfg = Release|x64
		{A7290338-D138-42D3-97B4-A03E4885B4FB}.Release|x64.Build.0 = Release|x64
		{A7290338-D138-42D3-97B4-A03E4885B4FB}.Release|x86.ActiveCfg = Release|Win32
		{A7290338-D138-42D3-97B4-A03E4885B4FB}.Release|x86.Build.0 = Release|Win32
		{499E5DD2-4D27-4E75-8D43-CF11AC0C95F1}.Debug|Any CPU.ActiveCfg = Debug|Any CPU
		{499E5DD2-4D27-4E75-8D43-CF11AC0C95F1}.Debug|Any CPU.Build.0 = Debug|Any CPU
		{499E5DD2-4D27-4E75-8D43-CF11AC0C95F1}.Debug|x64.ActiveCfg = Debug|Any CPU
		{499E5DD2-4D27-4E75-8D43-CF11AC0C95F1}.Debug|x64.Build.0 = Debug|Any CPU
		{499E5DD2-4D27-4E75-8D43-CF11AC0C95F1}.Debug|x86.ActiveCfg = Debug|Any CPU
		{499E5DD2-4D27-4E75-8D43-CF11AC0C95F1}.Debug|x86.Build.0 = Debug|Any CPU
		{499E5DD2-4D27-4E75-8D43-CF11AC0C95F1}.Release|Any CPU.ActiveCfg = Release|Any CPU
		{499E5DD2-4D27-4E75-8D43-CF11AC0C95F1}.Release|Any CPU.Build.0 = Release|Any CPU
		{499E5DD2-4D27-4E75-8D43-CF11AC0C95F1}.Release|x64.ActiveCfg = Release|Any CPU
		{499E5DD2-4D27-4E75-8D43-CF11AC0C95F1}.Release|x64.Build.0 = Release|Any CPU
		{499E5DD2-4D27-4E75-8D43-CF11AC0C95F1}.Release|x86.ActiveCfg = Release|Any CPU
		{499E5DD2-4D27-4E75-8D43-CF11AC0C95F1}.Release|x86.Build.0 = Release|Any CPU
		{668AEF61-050A-489C-8738-86329E5FF8B3}.Debug|Any CPU.ActiveCfg = Debug|Any CPU
		{668AEF61-050A-489C-8738-86329E5FF8B3}.Debug|Any CPU.Build.0 = Debug|Any CPU
		{668AEF61-050A-489C-8738-86329E5FF8B3}.Debug|x64.ActiveCfg = Debug|Any CPU
		{668AEF61-050A-489C-8738-86329E5FF8B3}.Debug|x64.Build.0 = Debug|Any CPU
		{668AEF61-050A-489C-8738-86329E5FF8B3}.Debug|x86.ActiveCfg = Debug|Any CPU
		{668AEF61-050A-489C-8738-86329E5FF8B3}.Debug|x86.Build.0 = Debug|Any CPU
		{668AEF61-050A-489C-8738-86329E5FF8B3}.Release|Any CPU.ActiveCfg = Release|Any CPU
		{668AEF61-050A-489C-8738-86329E5FF8B3}.Release|Any CPU.Build.0 = Release|Any CPU
		{668AEF61-050A-489C-8738-86329E5FF8B3}.Release|x64.ActiveCfg = Release|Any CPU
		{668AEF61-050A-489C-8738-86329E5FF8B3}.Release|x64.Build.0 = Release|Any CPU
		{668AEF61-050A-489C-8738-86329E5FF8B3}.Release|x86.ActiveCfg = Release|Any CPU
		{668AEF61-050A-489C-8738-86329E5FF8B3}.Release|x86.Build.0 = Release|Any CPU
		{8F7BDF6E-58E7-4675-982B-01F84FAF3B3D}.Debug|Any CPU.ActiveCfg = Debug|Any CPU
		{8F7BDF6E-58E7-4675-982B-01F84FAF3B3D}.Debug|Any CPU.Build.0 = Debug|Any CPU
		{8F7BDF6E-58E7-4675-982B-01F84FAF3B3D}.Debug|x64.ActiveCfg = Debug|Any CPU
		{8F7BDF6E-58E7-4675-982B-01F84FAF3B3D}.Debug|x64.Build.0 = Debug|Any CPU
		{8F7BDF6E-58E7-4675-982B-01F84FAF3B3D}.Debug|x86.ActiveCfg = Debug|Any CPU
		{8F7BDF6E-58E7-4675-982B-01F84FAF3B3D}.Debug|x86.Build.0 = Debug|Any CPU
		{8F7BDF6E-58E7-4675-982B-01F84FAF3B3D}.Release|Any CPU.ActiveCfg = Release|Any CPU
		{8F7BDF6E-58E7-4675-982B-01F84FAF3B3D}.Release|Any CPU.Build.0 = Release|Any CPU
		{8F7BDF6E-58E7-4675-982B-01F84FAF3B3D}.Release|x64.ActiveCfg = Release|Any CPU
		{8F7BDF6E-58E7-4675-982B-01F84FAF3B3D}.Release|x64.Build.0 = Release|Any CPU
		{8F7BDF6E-58E7-4675-982B-01F84FAF3B3D}.Release|x86.ActiveCfg = Release|Any CPU
		{8F7BDF6E-58E7-4675-982B-01F84FAF3B3D}.Release|x86.Build.0 = Release|Any CPU
		{45C86DA7-06D0-4CBF-84E3-2128CA02F61E}.Debug|Any CPU.ActiveCfg = Debug|Any CPU
		{45C86DA7-06D0-4CBF-84E3-2128CA02F61E}.Debug|Any CPU.Build.0 = Debug|Any CPU
		{45C86DA7-06D0-4CBF-84E3-2128CA02F61E}.Debug|x64.ActiveCfg = Debug|Any CPU
		{45C86DA7-06D0-4CBF-84E3-2128CA02F61E}.Debug|x64.Build.0 = Debug|Any CPU
		{45C86DA7-06D0-4CBF-84E3-2128CA02F61E}.Debug|x86.ActiveCfg = Debug|Any CPU
		{45C86DA7-06D0-4CBF-84E3-2128CA02F61E}.Debug|x86.Build.0 = Debug|Any CPU
		{45C86DA7-06D0-4CBF-84E3-2128CA02F61E}.Release|Any CPU.ActiveCfg = Release|Any CPU
		{45C86DA7-06D0-4CBF-84E3-2128CA02F61E}.Release|Any CPU.Build.0 = Release|Any CPU
		{45C86DA7-06D0-4CBF-84E3-2128CA02F61E}.Release|x64.ActiveCfg = Release|Any CPU
		{45C86DA7-06D0-4CBF-84E3-2128CA02F61E}.Release|x64.Build.0 = Release|Any CPU
		{45C86DA7-06D0-4CBF-84E3-2128CA02F61E}.Release|x86.ActiveCfg = Release|Any CPU
		{45C86DA7-06D0-4CBF-84E3-2128CA02F61E}.Release|x86.Build.0 = Release|Any CPU
		{726ED30A-AB26-4FB4-A737-7E3041CEA8BC}.Debug|Any CPU.ActiveCfg = Debug|Any CPU
		{726ED30A-AB26-4FB4-A737-7E3041CEA8BC}.Debug|Any CPU.Build.0 = Debug|Any CPU
		{726ED30A-AB26-4FB4-A737-7E3041CEA8BC}.Debug|x64.ActiveCfg = Debug|Any CPU
		{726ED30A-AB26-4FB4-A737-7E3041CEA8BC}.Debug|x64.Build.0 = Debug|Any CPU
		{726ED30A-AB26-4FB4-A737-7E3041CEA8BC}.Debug|x86.ActiveCfg = Debug|Any CPU
		{726ED30A-AB26-4FB4-A737-7E3041CEA8BC}.Debug|x86.Build.0 = Debug|Any CPU
		{726ED30A-AB26-4FB4-A737-7E3041CEA8BC}.Release|Any CPU.ActiveCfg = Release|Any CPU
		{726ED30A-AB26-4FB4-A737-7E3041CEA8BC}.Release|Any CPU.Build.0 = Release|Any CPU
		{726ED30A-AB26-4FB4-A737-7E3041CEA8BC}.Release|x64.ActiveCfg = Release|Any CPU
		{726ED30A-AB26-4FB4-A737-7E3041CEA8BC}.Release|x64.Build.0 = Release|Any CPU
		{726ED30A-AB26-4FB4-A737-7E3041CEA8BC}.Release|x86.ActiveCfg = Release|Any CPU
		{726ED30A-AB26-4FB4-A737-7E3041CEA8BC}.Release|x86.Build.0 = Release|Any CPU
		{2A1C2609-1E72-4396-B6BA-452BA03F5613}.Debug|Any CPU.ActiveCfg = Debug|Any CPU
		{2A1C2609-1E72-4396-B6BA-452BA03F5613}.Debug|Any CPU.Build.0 = Debug|Any CPU
		{2A1C2609-1E72-4396-B6BA-452BA03F5613}.Debug|x64.ActiveCfg = Debug|Any CPU
		{2A1C2609-1E72-4396-B6BA-452BA03F5613}.Debug|x64.Build.0 = Debug|Any CPU
		{2A1C2609-1E72-4396-B6BA-452BA03F5613}.Debug|x86.ActiveCfg = Debug|Any CPU
		{2A1C2609-1E72-4396-B6BA-452BA03F5613}.Debug|x86.Build.0 = Debug|Any CPU
		{2A1C2609-1E72-4396-B6BA-452BA03F5613}.Release|Any CPU.ActiveCfg = Release|Any CPU
		{2A1C2609-1E72-4396-B6BA-452BA03F5613}.Release|Any CPU.Build.0 = Release|Any CPU
		{2A1C2609-1E72-4396-B6BA-452BA03F5613}.Release|x64.ActiveCfg = Release|Any CPU
		{2A1C2609-1E72-4396-B6BA-452BA03F5613}.Release|x64.Build.0 = Release|Any CPU
		{2A1C2609-1E72-4396-B6BA-452BA03F5613}.Release|x86.ActiveCfg = Release|Any CPU
		{2A1C2609-1E72-4396-B6BA-452BA03F5613}.Release|x86.Build.0 = Release|Any CPU
		{2CF95A8D-67AC-4403-8176-EEE0701A12A1}.Debug|Any CPU.ActiveCfg = Debug|Any CPU
		{2CF95A8D-67AC-4403-8176-EEE0701A12A1}.Debug|Any CPU.Build.0 = Debug|Any CPU
		{2CF95A8D-67AC-4403-8176-EEE0701A12A1}.Debug|x64.ActiveCfg = Debug|Any CPU
		{2CF95A8D-67AC-4403-8176-EEE0701A12A1}.Debug|x64.Build.0 = Debug|Any CPU
		{2CF95A8D-67AC-4403-8176-EEE0701A12A1}.Debug|x86.ActiveCfg = Debug|Any CPU
		{2CF95A8D-67AC-4403-8176-EEE0701A12A1}.Debug|x86.Build.0 = Debug|Any CPU
		{2CF95A8D-67AC-4403-8176-EEE0701A12A1}.Release|Any CPU.ActiveCfg = Release|Any CPU
		{2CF95A8D-67AC-4403-8176-EEE0701A12A1}.Release|Any CPU.Build.0 = Release|Any CPU
		{2CF95A8D-67AC-4403-8176-EEE0701A12A1}.Release|x64.ActiveCfg = Release|Any CPU
		{2CF95A8D-67AC-4403-8176-EEE0701A12A1}.Release|x64.Build.0 = Release|Any CPU
		{2CF95A8D-67AC-4403-8176-EEE0701A12A1}.Release|x86.ActiveCfg = Release|Any CPU
		{2CF95A8D-67AC-4403-8176-EEE0701A12A1}.Release|x86.Build.0 = Release|Any CPU
		{4D50FF14-9C70-4C63-8DC2-838200E65610}.Debug|Any CPU.ActiveCfg = Debug|Any CPU
		{4D50FF14-9C70-4C63-8DC2-838200E65610}.Debug|Any CPU.Build.0 = Debug|Any CPU
		{4D50FF14-9C70-4C63-8DC2-838200E65610}.Debug|x64.ActiveCfg = Debug|Any CPU
		{4D50FF14-9C70-4C63-8DC2-838200E65610}.Debug|x64.Build.0 = Debug|Any CPU
		{4D50FF14-9C70-4C63-8DC2-838200E65610}.Debug|x86.ActiveCfg = Debug|Any CPU
		{4D50FF14-9C70-4C63-8DC2-838200E65610}.Debug|x86.Build.0 = Debug|Any CPU
		{4D50FF14-9C70-4C63-8DC2-838200E65610}.Release|Any CPU.ActiveCfg = Release|Any CPU
		{4D50FF14-9C70-4C63-8DC2-838200E65610}.Release|Any CPU.Build.0 = Release|Any CPU
		{4D50FF14-9C70-4C63-8DC2-838200E65610}.Release|x64.ActiveCfg = Release|Any CPU
		{4D50FF14-9C70-4C63-8DC2-838200E65610}.Release|x64.Build.0 = Release|Any CPU
		{4D50FF14-9C70-4C63-8DC2-838200E65610}.Release|x86.ActiveCfg = Release|Any CPU
		{4D50FF14-9C70-4C63-8DC2-838200E65610}.Release|x86.Build.0 = Release|Any CPU
		{A144937D-E033-4AEF-85D4-3BFF2CD132A4}.Debug|Any CPU.ActiveCfg = Debug|Any CPU
		{A144937D-E033-4AEF-85D4-3BFF2CD132A4}.Debug|Any CPU.Build.0 = Debug|Any CPU
		{A144937D-E033-4AEF-85D4-3BFF2CD132A4}.Debug|x64.ActiveCfg = Debug|Any CPU
		{A144937D-E033-4AEF-85D4-3BFF2CD132A4}.Debug|x64.Build.0 = Debug|Any CPU
		{A144937D-E033-4AEF-85D4-3BFF2CD132A4}.Debug|x86.ActiveCfg = Debug|Any CPU
		{A144937D-E033-4AEF-85D4-3BFF2CD132A4}.Debug|x86.Build.0 = Debug|Any CPU
		{A144937D-E033-4AEF-85D4-3BFF2CD132A4}.Release|Any CPU.ActiveCfg = Release|Any CPU
		{A144937D-E033-4AEF-85D4-3BFF2CD132A4}.Release|Any CPU.Build.0 = Release|Any CPU
		{A144937D-E033-4AEF-85D4-3BFF2CD132A4}.Release|x64.ActiveCfg = Release|Any CPU
		{A144937D-E033-4AEF-85D4-3BFF2CD132A4}.Release|x64.Build.0 = Release|Any CPU
		{A144937D-E033-4AEF-85D4-3BFF2CD132A4}.Release|x86.ActiveCfg = Release|Any CPU
		{A144937D-E033-4AEF-85D4-3BFF2CD132A4}.Release|x86.Build.0 = Release|Any CPU
		{F0C963D6-3AE8-42C8-B9BB-34E2661496FE}.Debug|Any CPU.ActiveCfg = Debug|Any CPU
		{F0C963D6-3AE8-42C8-B9BB-34E2661496FE}.Debug|Any CPU.Build.0 = Debug|Any CPU
		{F0C963D6-3AE8-42C8-B9BB-34E2661496FE}.Debug|x64.ActiveCfg = Debug|Any CPU
		{F0C963D6-3AE8-42C8-B9BB-34E2661496FE}.Debug|x64.Build.0 = Debug|Any CPU
		{F0C963D6-3AE8-42C8-B9BB-34E2661496FE}.Debug|x86.ActiveCfg = Debug|Any CPU
		{F0C963D6-3AE8-42C8-B9BB-34E2661496FE}.Debug|x86.Build.0 = Debug|Any CPU
		{F0C963D6-3AE8-42C8-B9BB-34E2661496FE}.Release|Any CPU.ActiveCfg = Release|Any CPU
		{F0C963D6-3AE8-42C8-B9BB-34E2661496FE}.Release|Any CPU.Build.0 = Release|Any CPU
		{F0C963D6-3AE8-42C8-B9BB-34E2661496FE}.Release|x64.ActiveCfg = Release|Any CPU
		{F0C963D6-3AE8-42C8-B9BB-34E2661496FE}.Release|x64.Build.0 = Release|Any CPU
		{F0C963D6-3AE8-42C8-B9BB-34E2661496FE}.Release|x86.ActiveCfg = Release|Any CPU
		{F0C963D6-3AE8-42C8-B9BB-34E2661496FE}.Release|x86.Build.0 = Release|Any CPU
		{9C136859-E5A1-40B2-A39D-4116EEB33670}.Debug|Any CPU.ActiveCfg = Debug|Any CPU
		{9C136859-E5A1-40B2-A39D-4116EEB33670}.Debug|Any CPU.Build.0 = Debug|Any CPU
		{9C136859-E5A1-40B2-A39D-4116EEB33670}.Debug|x64.ActiveCfg = Debug|Any CPU
		{9C136859-E5A1-40B2-A39D-4116EEB33670}.Debug|x64.Build.0 = Debug|Any CPU
		{9C136859-E5A1-40B2-A39D-4116EEB33670}.Debug|x86.ActiveCfg = Debug|Any CPU
		{9C136859-E5A1-40B2-A39D-4116EEB33670}.Debug|x86.Build.0 = Debug|Any CPU
		{9C136859-E5A1-40B2-A39D-4116EEB33670}.Release|Any CPU.ActiveCfg = Release|Any CPU
		{9C136859-E5A1-40B2-A39D-4116EEB33670}.Release|Any CPU.Build.0 = Release|Any CPU
		{9C136859-E5A1-40B2-A39D-4116EEB33670}.Release|x64.ActiveCfg = Release|Any CPU
		{9C136859-E5A1-40B2-A39D-4116EEB33670}.Release|x64.Build.0 = Release|Any CPU
		{9C136859-E5A1-40B2-A39D-4116EEB33670}.Release|x86.ActiveCfg = Release|Any CPU
		{9C136859-E5A1-40B2-A39D-4116EEB33670}.Release|x86.Build.0 = Release|Any CPU
		{008677AA-4F56-4B88-AB56-593500F36F8E}.Debug|Any CPU.ActiveCfg = Debug|Any CPU
		{008677AA-4F56-4B88-AB56-593500F36F8E}.Debug|Any CPU.Build.0 = Debug|Any CPU
		{008677AA-4F56-4B88-AB56-593500F36F8E}.Debug|x64.ActiveCfg = Debug|Any CPU
		{008677AA-4F56-4B88-AB56-593500F36F8E}.Debug|x64.Build.0 = Debug|Any CPU
		{008677AA-4F56-4B88-AB56-593500F36F8E}.Debug|x86.ActiveCfg = Debug|Any CPU
		{008677AA-4F56-4B88-AB56-593500F36F8E}.Debug|x86.Build.0 = Debug|Any CPU
		{008677AA-4F56-4B88-AB56-593500F36F8E}.Release|Any CPU.ActiveCfg = Release|Any CPU
		{008677AA-4F56-4B88-AB56-593500F36F8E}.Release|Any CPU.Build.0 = Release|Any CPU
		{008677AA-4F56-4B88-AB56-593500F36F8E}.Release|x64.ActiveCfg = Release|Any CPU
		{008677AA-4F56-4B88-AB56-593500F36F8E}.Release|x64.Build.0 = Release|Any CPU
		{008677AA-4F56-4B88-AB56-593500F36F8E}.Release|x86.ActiveCfg = Release|Any CPU
		{008677AA-4F56-4B88-AB56-593500F36F8E}.Release|x86.Build.0 = Release|Any CPU
		{2BF9584C-B466-4F11-BBE8-C74ACFD46D27}.Debug|Any CPU.ActiveCfg = Debug|Any CPU
		{2BF9584C-B466-4F11-BBE8-C74ACFD46D27}.Debug|Any CPU.Build.0 = Debug|Any CPU
		{2BF9584C-B466-4F11-BBE8-C74ACFD46D27}.Debug|x64.ActiveCfg = Debug|Any CPU
		{2BF9584C-B466-4F11-BBE8-C74ACFD46D27}.Debug|x64.Build.0 = Debug|Any CPU
		{2BF9584C-B466-4F11-BBE8-C74ACFD46D27}.Debug|x86.ActiveCfg = Debug|Any CPU
		{2BF9584C-B466-4F11-BBE8-C74ACFD46D27}.Debug|x86.Build.0 = Debug|Any CPU
		{2BF9584C-B466-4F11-BBE8-C74ACFD46D27}.Release|Any CPU.ActiveCfg = Release|Any CPU
		{2BF9584C-B466-4F11-BBE8-C74ACFD46D27}.Release|Any CPU.Build.0 = Release|Any CPU
		{2BF9584C-B466-4F11-BBE8-C74ACFD46D27}.Release|x64.ActiveCfg = Release|Any CPU
		{2BF9584C-B466-4F11-BBE8-C74ACFD46D27}.Release|x64.Build.0 = Release|Any CPU
		{2BF9584C-B466-4F11-BBE8-C74ACFD46D27}.Release|x86.ActiveCfg = Release|Any CPU
		{2BF9584C-B466-4F11-BBE8-C74ACFD46D27}.Release|x86.Build.0 = Release|Any CPU
		{1D95B779-1A9E-4347-91AA-036857672055}.Debug|Any CPU.ActiveCfg = Debug|Any CPU
		{1D95B779-1A9E-4347-91AA-036857672055}.Debug|Any CPU.Build.0 = Debug|Any CPU
		{1D95B779-1A9E-4347-91AA-036857672055}.Debug|x64.ActiveCfg = Debug|Any CPU
		{1D95B779-1A9E-4347-91AA-036857672055}.Debug|x64.Build.0 = Debug|Any CPU
		{1D95B779-1A9E-4347-91AA-036857672055}.Debug|x86.ActiveCfg = Debug|Any CPU
		{1D95B779-1A9E-4347-91AA-036857672055}.Debug|x86.Build.0 = Debug|Any CPU
		{1D95B779-1A9E-4347-91AA-036857672055}.Release|Any CPU.ActiveCfg = Release|Any CPU
		{1D95B779-1A9E-4347-91AA-036857672055}.Release|Any CPU.Build.0 = Release|Any CPU
		{1D95B779-1A9E-4347-91AA-036857672055}.Release|x64.ActiveCfg = Release|Any CPU
		{1D95B779-1A9E-4347-91AA-036857672055}.Release|x64.Build.0 = Release|Any CPU
		{1D95B779-1A9E-4347-91AA-036857672055}.Release|x86.ActiveCfg = Release|Any CPU
		{1D95B779-1A9E-4347-91AA-036857672055}.Release|x86.Build.0 = Release|Any CPU
		{D2BA23B8-C190-461F-84FA-9EE0FBBFD2E3}.Debug|Any CPU.ActiveCfg = Debug|Any CPU
		{D2BA23B8-C190-461F-84FA-9EE0FBBFD2E3}.Debug|Any CPU.Build.0 = Debug|Any CPU
		{D2BA23B8-C190-461F-84FA-9EE0FBBFD2E3}.Debug|x64.ActiveCfg = Debug|Any CPU
		{D2BA23B8-C190-461F-84FA-9EE0FBBFD2E3}.Debug|x64.Build.0 = Debug|Any CPU
		{D2BA23B8-C190-461F-84FA-9EE0FBBFD2E3}.Debug|x86.ActiveCfg = Debug|Any CPU
		{D2BA23B8-C190-461F-84FA-9EE0FBBFD2E3}.Debug|x86.Build.0 = Debug|Any CPU
		{D2BA23B8-C190-461F-84FA-9EE0FBBFD2E3}.Release|Any CPU.ActiveCfg = Release|Any CPU
		{D2BA23B8-C190-461F-84FA-9EE0FBBFD2E3}.Release|Any CPU.Build.0 = Release|Any CPU
		{D2BA23B8-C190-461F-84FA-9EE0FBBFD2E3}.Release|x64.ActiveCfg = Release|Any CPU
		{D2BA23B8-C190-461F-84FA-9EE0FBBFD2E3}.Release|x64.Build.0 = Release|Any CPU
		{D2BA23B8-C190-461F-84FA-9EE0FBBFD2E3}.Release|x86.ActiveCfg = Release|Any CPU
		{D2BA23B8-C190-461F-84FA-9EE0FBBFD2E3}.Release|x86.Build.0 = Release|Any CPU
		{8529B066-3BFF-4774-89DF-C1FB26573F10}.Debug|Any CPU.ActiveCfg = Debug|Any CPU
		{8529B066-3BFF-4774-89DF-C1FB26573F10}.Debug|Any CPU.Build.0 = Debug|Any CPU
		{8529B066-3BFF-4774-89DF-C1FB26573F10}.Debug|x64.ActiveCfg = Debug|Any CPU
		{8529B066-3BFF-4774-89DF-C1FB26573F10}.Debug|x64.Build.0 = Debug|Any CPU
		{8529B066-3BFF-4774-89DF-C1FB26573F10}.Debug|x86.ActiveCfg = Debug|Any CPU
		{8529B066-3BFF-4774-89DF-C1FB26573F10}.Debug|x86.Build.0 = Debug|Any CPU
		{8529B066-3BFF-4774-89DF-C1FB26573F10}.Release|Any CPU.ActiveCfg = Release|Any CPU
		{8529B066-3BFF-4774-89DF-C1FB26573F10}.Release|Any CPU.Build.0 = Release|Any CPU
		{8529B066-3BFF-4774-89DF-C1FB26573F10}.Release|x64.ActiveCfg = Release|Any CPU
		{8529B066-3BFF-4774-89DF-C1FB26573F10}.Release|x64.Build.0 = Release|Any CPU
		{8529B066-3BFF-4774-89DF-C1FB26573F10}.Release|x86.ActiveCfg = Release|Any CPU
		{8529B066-3BFF-4774-89DF-C1FB26573F10}.Release|x86.Build.0 = Release|Any CPU
		{A0F70824-97EA-45E9-8DEA-C90F161BA8AD}.Debug|Any CPU.ActiveCfg = Debug|Any CPU
		{A0F70824-97EA-45E9-8DEA-C90F161BA8AD}.Debug|Any CPU.Build.0 = Debug|Any CPU
		{A0F70824-97EA-45E9-8DEA-C90F161BA8AD}.Debug|x64.ActiveCfg = Debug|Any CPU
		{A0F70824-97EA-45E9-8DEA-C90F161BA8AD}.Debug|x64.Build.0 = Debug|Any CPU
		{A0F70824-97EA-45E9-8DEA-C90F161BA8AD}.Debug|x86.ActiveCfg = Debug|Any CPU
		{A0F70824-97EA-45E9-8DEA-C90F161BA8AD}.Debug|x86.Build.0 = Debug|Any CPU
		{A0F70824-97EA-45E9-8DEA-C90F161BA8AD}.Release|Any CPU.ActiveCfg = Release|Any CPU
		{A0F70824-97EA-45E9-8DEA-C90F161BA8AD}.Release|Any CPU.Build.0 = Release|Any CPU
		{A0F70824-97EA-45E9-8DEA-C90F161BA8AD}.Release|x64.ActiveCfg = Release|Any CPU
		{A0F70824-97EA-45E9-8DEA-C90F161BA8AD}.Release|x64.Build.0 = Release|Any CPU
		{A0F70824-97EA-45E9-8DEA-C90F161BA8AD}.Release|x86.ActiveCfg = Release|Any CPU
		{A0F70824-97EA-45E9-8DEA-C90F161BA8AD}.Release|x86.Build.0 = Release|Any CPU
	EndGlobalSection
	GlobalSection(SolutionProperties) = preSolution
		HideSolutionNode = FALSE
	EndGlobalSection
	GlobalSection(ExtensibilityGlobals) = postSolution
		SolutionGuid = {8B3FA739-3477-414B-9392-6DFD0D797723}
	EndGlobalSection
EndGlobal
